{
  "nodes": {
    "catppuccin": {
      "locked": {
        "lastModified": 1733908662,
        "narHash": "sha256-vuyqYX91/kEs+oYAw0az5A/JHeIX8hrv06WtLmhfZ5A=",
        "owner": "catppuccin",
        "repo": "nix",
        "rev": "5dfc780ad24353d01161c3c5784200ef042019af",
        "type": "github"
      },
      "original": {
        "owner": "catppuccin",
        "repo": "nix",
        "type": "github"
      }
    },
    "home-manager": {
      "inputs": {
        "nixpkgs": [
          "nixpkgs"
        ]
      },
      "locked": {
        "lastModified": 1733873195,
        "narHash": "sha256-dTosiZ3sZ/NKoLKQ++v8nZdEHya0eTNEsaizNp+MUPM=",
        "owner": "nix-community",
        "repo": "home-manager",
        "rev": "f26aa4b76fb7606127032d33ac73d7d507d82758",
        "type": "github"
      },
      "original": {
        "owner": "nix-community",
        "repo": "home-manager",
        "type": "github"
      }
    },
    "nixpkgs": {
      "locked": {
        "lastModified": 1733808091,
        "narHash": "sha256-KWwINTQelKOoQgrXftxoqxmKFZb9pLVfnRvK270nkVk=",
        "owner": "NixOS",
        "repo": "nixpkgs",
        "rev": "a0f3e10d94359665dba45b71b4227b0aeb851f8e",
        "type": "github"
      },
      "original": {
        "id": "nixpkgs",
        "ref": "nixos-24.11",
        "type": "indirect"
      }
    },
    "nixpkgs_2": {
      "locked": {
        "lastModified": 1733759999,
        "narHash": "sha256-463SNPWmz46iLzJKRzO3Q2b0Aurff3U1n0nYItxq7jU=",
        "owner": "nixos",
        "repo": "nixpkgs",
        "rev": "a73246e2eef4c6ed172979932bc80e1404ba2d56",
        "type": "github"
      },
      "original": {
        "owner": "nixos",
        "ref": "nixos-unstable",
        "repo": "nixpkgs",
        "type": "github"
      }
    },
    "root": {
      "inputs": {
        "catppuccin": "catppuccin",
        "home-manager": "home-manager",
        "nixpkgs": "nixpkgs",
        "zen-browser": "zen-browser"
      }
    },
    "zen-browser": {
      "inputs": {
        "nixpkgs": "nixpkgs_2"
      },
      "locked": {
        "lastModified": 1733840403,
        "narHash": "sha256-j5hmZ/Oudzr4/HB383uUvY86PxB4c94+7QRV109kOpE=",
        "owner": "0xc000022070",
        "repo": "zen-browser-flake",
        "rev": "ddbfcd69583724e6d142af98010411ac26c2029d",
        "type": "github"
      },
      "original": {
        "owner": "0xc000022070",
        "repo": "zen-browser-flake",
        "type": "github"
      }
    }
  },
  "root": "root",
  "version": 7
}
